
Microsoft Visual Studio Solution File, Format Version 12.00
# Visual Studio 15
VisualStudioVersion = 15.0.27428.2043
MinimumVisualStudioVersion = 10.0.40219.1
Project("{2150E333-8FDC-42A3-9474-1A3956D46DE8}") = "src", "src", "{BA3081B4-FC5A-44F3-951C-2C5F2C3C9F0D}"
EndProject
Project("{2150E333-8FDC-42A3-9474-1A3956D46DE8}") = "0-Gateway", "0-Gateway", "{76CBD263-E145-4DCA-BB66-7964E8305C6A}"
EndProject
Project("{2150E333-8FDC-42A3-9474-1A3956D46DE8}") = "1-Services", "1-Services", "{E549BECB-2ADE-4D1B-A6DA-D9EE0CF0DF74}"
EndProject
Project("{2150E333-8FDC-42A3-9474-1A3956D46DE8}") = "Asd.Service", "Asd.Service", "{6361DA19-4F2F-4122-B974-D1B1A14D5FC4}"
EndProject
Project("{2150E333-8FDC-42A3-9474-1A3956D46DE8}") = "2-Application", "2-Application", "{5A9BA857-A048-4D42-8703-C07FD6402DA8}"
EndProject
Project("{2150E333-8FDC-42A3-9474-1A3956D46DE8}") = "Asd.Application", "Asd.Application", "{8F00FDF6-D9BA-4757-A2B4-EC2BB5FE5C33}"
EndProject
Project("{2150E333-8FDC-42A3-9474-1A3956D46DE8}") = "3-Domain", "3-Domain", "{6C1F57E4-9E27-41CD-8867-19DDC42CB829}"
EndProject
Project("{2150E333-8FDC-42A3-9474-1A3956D46DE8}") = "Asd.Domain", "Asd.Domain", "{F3FDCCE8-4FFA-4E4E-9E6E-80B4EBB329A3}"
EndProject
Project("{2150E333-8FDC-42A3-9474-1A3956D46DE8}") = "4-Infra", "4-Infra", "{7ED84F17-FE6A-4A5C-8744-06872D9463FE}"
EndProject
Project("{2150E333-8FDC-42A3-9474-1A3956D46DE8}") = "4.1-Data", "4.1-Data", "{272B3C9B-58E7-484A-B609-A2DBB6B7D0B2}"
EndProject
Project("{2150E333-8FDC-42A3-9474-1A3956D46DE8}") = "Asd.Infra.Data", "Asd.Infra.Data", "{CC90AFB1-8D9A-4764-BC02-6FF6C42C5292}"
EndProject
Project("{2150E333-8FDC-42A3-9474-1A3956D46DE8}") = "4.2-CrossCutting", "4.2-CrossCutting", "{D9FEFC49-BA70-493F-A286-1A23F07FFA21}"
EndProject
Project("{2150E333-8FDC-42A3-9474-1A3956D46DE8}") = "Asd.Infra.CrossCutting.Bus", "Asd.Infra.CrossCutting.Bus", "{CB548E36-1560-41CD-A5C0-8A6B8E0FC77C}"
EndProject
Project("{2150E333-8FDC-42A3-9474-1A3956D46DE8}") = "5-Docker", "5-Docker", "{64BC9763-0367-4B83-8ADC-611D761F31E8}"
EndProject
Project("{2150E333-8FDC-42A3-9474-1A3956D46DE8}") = "Asd.Domian.BoundedContext", "Asd.Domian.BoundedContext", "{2FF06A8C-23E8-4C63-B064-ED0DC49A15F8}"
EndProject
Project("{9A19103F-16F7-4668-BE54-9A1E7A4F7556}") = "Asd.Domain.BoundedContext", "src\3-Domain\Asd.Domain.BoundedContext\Asd.Domain.BoundedContext.csproj", "{3C07DF97-3F03-40DA-AD9D-613D126223FA}"
EndProject
Project("{2150E333-8FDC-42A3-9474-1A3956D46DE8}") = "Asd.Infra.Data.BoundedContext", "Asd.Infra.Data.BoundedContext", "{39D68DEB-A970-46DC-83C8-14E0FD82984F}"
EndProject
Project("{9A19103F-16F7-4668-BE54-9A1E7A4F7556}") = "Asd.Infra.Data.BoundedContext", "src\4-Infra\4.1-Data\Asd.Infra.Data.BoundedContext\Asd.Infra.Data.BoundedContext.csproj", "{D2582BFA-414E-4B5D-A49A-9E2626120135}"
EndProject
Project("{2150E333-8FDC-42A3-9474-1A3956D46DE8}") = "Asd.Infra.CrossCutting.BoundedContext", "Asd.Infra.CrossCutting.BoundedContext", "{19571588-1FF7-4B2F-9FCF-BB939A90A4B2}"
EndProject
Project("{9A19103F-16F7-4668-BE54-9A1E7A4F7556}") = "Asd.Infra.CrossCutting.BoundedContext", "src\4-Infra\4.2-CrossCutting\Asd.Infra.CrossCutting.BoundedContext\Asd.Infra.CrossCutting.BoundedContext.csproj", "{EB15A62F-90BC-440A-BDDA-86A052D654D3}"
EndProject
Project("{2150E333-8FDC-42A3-9474-1A3956D46DE8}") = "Asd.Application.BoundedContext", "Asd.Application.BoundedContext", "{95711623-5268-4514-83C0-22BC272BC059}"
EndProject
Project("{9A19103F-16F7-4668-BE54-9A1E7A4F7556}") = "Asd.Application.BoundedContext", "src\2-Application\Asd.Application.BoundedContext\Asd.Application.BoundedContext.csproj", "{3FDACB9A-896E-467C-9613-9D5ADB5CA3FB}"
EndProject
Project("{2150E333-8FDC-42A3-9474-1A3956D46DE8}") = "Asd.Service.BoundedContext", "Asd.Service.BoundedContext", "{B950C6EF-6B5C-4899-A0F6-3ECF47038CD6}"
EndProject
Project("{9A19103F-16F7-4668-BE54-9A1E7A4F7556}") = "Asd.Service.BoundedContext", "src\1-Services\Asd.Service.BoundedContext\Asd.Service.BoundedContext.csproj", "{DC31C7D9-88FF-4DF7-AE6D-D45A6F9AFA3A}"
EndProject
Project("{9A19103F-16F7-4668-BE54-9A1E7A4F7556}") = "Asd.Service", "src\1-Services\Asd.Service\Asd.Service.csproj", "{3AC5AF08-A357-45E7-9F05-B5BE96BCBDAD}"
EndProject
Project("{9A19103F-16F7-4668-BE54-9A1E7A4F7556}") = "Asd.Application", "src\2-Application\Asd.Application\Asd.Application.csproj", "{FE95BF46-5448-41E1-9C50-1F51DFE20593}"
EndProject
Project("{9A19103F-16F7-4668-BE54-9A1E7A4F7556}") = "Asd.Domain", "src\3-Domain\Asd.Domain\Asd.Domain.csproj", "{172D8D33-E143-4042-B443-FE27D8AC68B7}"
EndProject
Project("{9A19103F-16F7-4668-BE54-9A1E7A4F7556}") = "Asd.Infra.Data", "src\4-Infra\4.1-Data\Asd.Infra.Data\Asd.Infra.Data.csproj", "{EF3FE681-FEDB-41DA-AAC2-C63B8A0AF067}"
EndProject
Project("{9A19103F-16F7-4668-BE54-9A1E7A4F7556}") = "Asd.Infra.CrossCutting.Bus", "src\4-Infra\4.2-CrossCutting\Asd.Infra.CrossCutting.Bus\Asd.Infra.CrossCutting.Bus.csproj", "{F6BF6ECE-8445-4F90-83FE-55EFDEFC51A7}"
EndProject
Global
	GlobalSection(SolutionConfigurationPlatforms) = preSolution
		Debug|Any CPU = Debug|Any CPU
		Release|Any CPU = Release|Any CPU
	EndGlobalSection
	GlobalSection(ProjectConfigurationPlatforms) = postSolution
		{3C07DF97-3F03-40DA-AD9D-613D126223FA}.Debug|Any CPU.ActiveCfg = Debug|Any CPU
		{3C07DF97-3F03-40DA-AD9D-613D126223FA}.Debug|Any CPU.Build.0 = Debug|Any CPU
		{3C07DF97-3F03-40DA-AD9D-613D126223FA}.Release|Any CPU.ActiveCfg = Release|Any CPU
		{3C07DF97-3F03-40DA-AD9D-613D126223FA}.Release|Any CPU.Build.0 = Release|Any CPU
		{D2582BFA-414E-4B5D-A49A-9E2626120135}.Debug|Any CPU.ActiveCfg = Debug|Any CPU
		{D2582BFA-414E-4B5D-A49A-9E2626120135}.Debug|Any CPU.Build.0 = Debug|Any CPU
		{D2582BFA-414E-4B5D-A49A-9E2626120135}.Release|Any CPU.ActiveCfg = Release|Any CPU
		{D2582BFA-414E-4B5D-A49A-9E2626120135}.Release|Any CPU.Build.0 = Release|Any CPU
		{EB15A62F-90BC-440A-BDDA-86A052D654D3}.Debug|Any CPU.ActiveCfg = Debug|Any CPU
		{EB15A62F-90BC-440A-BDDA-86A052D654D3}.Debug|Any CPU.Build.0 = Debug|Any CPU
		{EB15A62F-90BC-440A-BDDA-86A052D654D3}.Release|Any CPU.ActiveCfg = Release|Any CPU
		{EB15A62F-90BC-440A-BDDA-86A052D654D3}.Release|Any CPU.Build.0 = Release|Any CPU
		{3FDACB9A-896E-467C-9613-9D5ADB5CA3FB}.Debug|Any CPU.ActiveCfg = Debug|Any CPU
		{3FDACB9A-896E-467C-9613-9D5ADB5CA3FB}.Debug|Any CPU.Build.0 = Debug|Any CPU
		{3FDACB9A-896E-467C-9613-9D5ADB5CA3FB}.Release|Any CPU.ActiveCfg = Release|Any CPU
		{3FDACB9A-896E-467C-9613-9D5ADB5CA3FB}.Release|Any CPU.Build.0 = Release|Any CPU
		{DC31C7D9-88FF-4DF7-AE6D-D45A6F9AFA3A}.Debug|Any CPU.ActiveCfg = Debug|Any CPU
		{DC31C7D9-88FF-4DF7-AE6D-D45A6F9AFA3A}.Debug|Any CPU.Build.0 = Debug|Any CPU
		{DC31C7D9-88FF-4DF7-AE6D-D45A6F9AFA3A}.Release|Any CPU.ActiveCfg = Release|Any CPU
		{DC31C7D9-88FF-4DF7-AE6D-D45A6F9AFA3A}.Release|Any CPU.Build.0 = Release|Any CPU
		{3AC5AF08-A357-45E7-9F05-B5BE96BCBDAD}.Debug|Any CPU.ActiveCfg = Debug|Any CPU
		{3AC5AF08-A357-45E7-9F05-B5BE96BCBDAD}.Debug|Any CPU.Build.0 = Debug|Any CPU
		{3AC5AF08-A357-45E7-9F05-B5BE96BCBDAD}.Release|Any CPU.ActiveCfg = Release|Any CPU
		{3AC5AF08-A357-45E7-9F05-B5BE96BCBDAD}.Release|Any CPU.Build.0 = Release|Any CPU
		{FE95BF46-5448-41E1-9C50-1F51DFE20593}.Debug|Any CPU.ActiveCfg = Debug|Any CPU
		{FE95BF46-5448-41E1-9C50-1F51DFE20593}.Debug|Any CPU.Build.0 = Debug|Any CPU
		{FE95BF46-5448-41E1-9C50-1F51DFE20593}.Release|Any CPU.ActiveCfg = Release|Any CPU
		{FE95BF46-5448-41E1-9C50-1F51DFE20593}.Release|Any CPU.Build.0 = Release|Any CPU
		{172D8D33-E143-4042-B443-FE27D8AC68B7}.Debug|Any CPU.ActiveCfg = Debug|Any CPU
		{172D8D33-E143-4042-B443-FE27D8AC68B7}.Debug|Any CPU.Build.0 = Debug|Any CPU
		{172D8D33-E143-4042-B443-FE27D8AC68B7}.Release|Any CPU.ActiveCfg = Release|Any CPU
		{172D8D33-E143-4042-B443-FE27D8AC68B7}.Release|Any CPU.Build.0 = Release|Any CPU
		{EF3FE681-FEDB-41DA-AAC2-C63B8A0AF067}.Debug|Any CPU.ActiveCfg = Debug|Any CPU
		{EF3FE681-FEDB-41DA-AAC2-C63B8A0AF067}.Debug|Any CPU.Build.0 = Debug|Any CPU
		{EF3FE681-FEDB-41DA-AAC2-C63B8A0AF067}.Release|Any CPU.ActiveCfg = Release|Any CPU
		{EF3FE681-FEDB-41DA-AAC2-C63B8A0AF067}.Release|Any CPU.Build.0 = Release|Any CPU
		{F6BF6ECE-8445-4F90-83FE-55EFDEFC51A7}.Debug|Any CPU.ActiveCfg = Debug|Any CPU
		{F6BF6ECE-8445-4F90-83FE-55EFDEFC51A7}.Debug|Any CPU.Build.0 = Debug|Any CPU
		{F6BF6ECE-8445-4F90-83FE-55EFDEFC51A7}.Release|Any CPU.ActiveCfg = Release|Any CPU
		{F6BF6ECE-8445-4F90-83FE-55EFDEFC51A7}.Release|Any CPU.Build.0 = Release|Any CPU
	EndGlobalSection
	GlobalSection(SolutionProperties) = preSolution
		HideSolutionNode = FALSE
	EndGlobalSection
	GlobalSection(NestedProjects) = preSolution
		{76CBD263-E145-4DCA-BB66-7964E8305C6A} = {BA3081B4-FC5A-44F3-951C-2C5F2C3C9F0D}
		{E549BECB-2ADE-4D1B-A6DA-D9EE0CF0DF74} = {BA3081B4-FC5A-44F3-951C-2C5F2C3C9F0D}
		{6361DA19-4F2F-4122-B974-D1B1A14D5FC4} = {E549BECB-2ADE-4D1B-A6DA-D9EE0CF0DF74}
		{5A9BA857-A048-4D42-8703-C07FD6402DA8} = {BA3081B4-FC5A-44F3-951C-2C5F2C3C9F0D}
		{8F00FDF6-D9BA-4757-A2B4-EC2BB5FE5C33} = {5A9BA857-A048-4D42-8703-C07FD6402DA8}
		{6C1F57E4-9E27-41CD-8867-19DDC42CB829} = {BA3081B4-FC5A-44F3-951C-2C5F2C3C9F0D}
		{F3FDCCE8-4FFA-4E4E-9E6E-80B4EBB329A3} = {6C1F57E4-9E27-41CD-8867-19DDC42CB829}
		{7ED84F17-FE6A-4A5C-8744-06872D9463FE} = {BA3081B4-FC5A-44F3-951C-2C5F2C3C9F0D}
		{272B3C9B-58E7-484A-B609-A2DBB6B7D0B2} = {7ED84F17-FE6A-4A5C-8744-06872D9463FE}
		{CC90AFB1-8D9A-4764-BC02-6FF6C42C5292} = {272B3C9B-58E7-484A-B609-A2DBB6B7D0B2}
		{D9FEFC49-BA70-493F-A286-1A23F07FFA21} = {7ED84F17-FE6A-4A5C-8744-06872D9463FE}
		{CB548E36-1560-41CD-A5C0-8A6B8E0FC77C} = {D9FEFC49-BA70-493F-A286-1A23F07FFA21}
		{64BC9763-0367-4B83-8ADC-611D761F31E8} = {BA3081B4-FC5A-44F3-951C-2C5F2C3C9F0D}
		{2FF06A8C-23E8-4C63-B064-ED0DC49A15F8} = {6C1F57E4-9E27-41CD-8867-19DDC42CB829}
		{3C07DF97-3F03-40DA-AD9D-613D126223FA} = {2FF06A8C-23E8-4C63-B064-ED0DC49A15F8}
		{39D68DEB-A970-46DC-83C8-14E0FD82984F} = {272B3C9B-58E7-484A-B609-A2DBB6B7D0B2}
		{D2582BFA-414E-4B5D-A49A-9E2626120135} = {39D68DEB-A970-46DC-83C8-14E0FD82984F}
		{19571588-1FF7-4B2F-9FCF-BB939A90A4B2} = {D9FEFC49-BA70-493F-A286-1A23F07FFA21}
		{EB15A62F-90BC-440A-BDDA-86A052D654D3} = {19571588-1FF7-4B2F-9FCF-BB939A90A4B2}
		{95711623-5268-4514-83C0-22BC272BC059} = {5A9BA857-A048-4D42-8703-C07FD6402DA8}
		{3FDACB9A-896E-467C-9613-9D5ADB5CA3FB} = {95711623-5268-4514-83C0-22BC272BC059}
		{B950C6EF-6B5C-4899-A0F6-3ECF47038CD6} = {E549BECB-2ADE-4D1B-A6DA-D9EE0CF0DF74}
		{DC31C7D9-88FF-4DF7-AE6D-D45A6F9AFA3A} = {B950C6EF-6B5C-4899-A0F6-3ECF47038CD6}
		{3AC5AF08-A357-45E7-9F05-B5BE96BCBDAD} = {6361DA19-4F2F-4122-B974-D1B1A14D5FC4}
		{FE95BF46-5448-41E1-9C50-1F51DFE20593} = {8F00FDF6-D9BA-4757-A2B4-EC2BB5FE5C33}
		{172D8D33-E143-4042-B443-FE27D8AC68B7} = {F3FDCCE8-4FFA-4E4E-9E6E-80B4EBB329A3}
		{EF3FE681-FEDB-41DA-AAC2-C63B8A0AF067} = {CC90AFB1-8D9A-4764-BC02-6FF6C42C5292}
		{F6BF6ECE-8445-4F90-83FE-55EFDEFC51A7} = {CB548E36-1560-41CD-A5C0-8A6B8E0FC77C}
	EndGlobalSection
	GlobalSection(ExtensibilityGlobals) = postSolution
		SolutionGuid = {5CB62BCB-12AC-4CF1-82A0-7E8BF0FCB897}
	EndGlobalSection
EndGlobal
