
Microsoft Visual Studio Solution File, Format Version 12.00
# Visual Studio 15
VisualStudioVersion = 15.0.27428.2043
MinimumVisualStudioVersion = 10.0.40219.1
Project("{2150E333-8FDC-42A3-9474-1A3956D46DE8}") = "src", "src", "{BA3081B4-FC5A-44F3-951C-2C5F2C3C9F0D}"
EndProject
Project("{2150E333-8FDC-42A3-9474-1A3956D46DE8}") = "0-Gateway", "0-Gateway", "{76CBD263-E145-4DCA-BB66-7964E8305C6A}"
EndProject
Project("{2150E333-8FDC-42A3-9474-1A3956D46DE8}") = "1-Services", "1-Services", "{E549BECB-2ADE-4D1B-A6DA-D9EE0CF0DF74}"
EndProject
Project("{2150E333-8FDC-42A3-9474-1A3956D46DE8}") = "Asd", "Asd", "{6361DA19-4F2F-4122-B974-D1B1A14D5FC4}"
EndProject
Project("{9A19103F-16F7-4668-BE54-9A1E7A4F7556}") = "Asd.Service", "src\1-Services\Asd\Asd.Service.csproj", "{7B72642F-0F60-4057-9DBA-4E6514F1401A}"
EndProject
Project("{2150E333-8FDC-42A3-9474-1A3956D46DE8}") = "2-Application", "2-Application", "{5A9BA857-A048-4D42-8703-C07FD6402DA8}"
EndProject
Project("{2150E333-8FDC-42A3-9474-1A3956D46DE8}") = "Asd", "Asd", "{8F00FDF6-D9BA-4757-A2B4-EC2BB5FE5C33}"
EndProject
Project("{9A19103F-16F7-4668-BE54-9A1E7A4F7556}") = "Asd.Application", "src\2-Application\Asd\Asd.Application.csproj", "{E5CED360-8F85-41AE-86C7-D79331AB8380}"
EndProject
Project("{2150E333-8FDC-42A3-9474-1A3956D46DE8}") = "3-Domain", "3-Domain", "{6C1F57E4-9E27-41CD-8867-19DDC42CB829}"
EndProject
Project("{2150E333-8FDC-42A3-9474-1A3956D46DE8}") = "Asd", "Asd", "{F3FDCCE8-4FFA-4E4E-9E6E-80B4EBB329A3}"
EndProject
Project("{9A19103F-16F7-4668-BE54-9A1E7A4F7556}") = "Asd.Domain", "src\3-Domain\Asd\Asd.Domain.csproj", "{2AB55D47-DFA2-4947-95BB-715C11DCA210}"
EndProject
Project("{2150E333-8FDC-42A3-9474-1A3956D46DE8}") = "4-Infra", "4-Infra", "{7ED84F17-FE6A-4A5C-8744-06872D9463FE}"
EndProject
Project("{2150E333-8FDC-42A3-9474-1A3956D46DE8}") = "4.1-Data", "4.1-Data", "{272B3C9B-58E7-484A-B609-A2DBB6B7D0B2}"
EndProject
Project("{2150E333-8FDC-42A3-9474-1A3956D46DE8}") = "Asd", "Asd", "{CC90AFB1-8D9A-4764-BC02-6FF6C42C5292}"
EndProject
Project("{9A19103F-16F7-4668-BE54-9A1E7A4F7556}") = "Asd.Infra.Data", "src\4-Infra\4.1-Data\Asd\Asd.Infra.Data.csproj", "{64406E8C-CB96-4BA2-8FD2-EBEE92614D6C}"
EndProject
Project("{2150E333-8FDC-42A3-9474-1A3956D46DE8}") = "4.2-CrossCutting", "4.2-CrossCutting", "{D9FEFC49-BA70-493F-A286-1A23F07FFA21}"
EndProject
Project("{2150E333-8FDC-42A3-9474-1A3956D46DE8}") = "Asd", "Asd", "{CB548E36-1560-41CD-A5C0-8A6B8E0FC77C}"
EndProject
Project("{9A19103F-16F7-4668-BE54-9A1E7A4F7556}") = "Asd.Infra.CrossCutting.Bus", "src\4-Infra\4.2-CrossCutting\Asd\Asd.Infra.CrossCutting.Bus.csproj", "{01BD9894-3DFE-40A3-B9E9-2D15A5BB361A}"
EndProject
Project("{2150E333-8FDC-42A3-9474-1A3956D46DE8}") = "5-Docker", "5-Docker", "{64BC9763-0367-4B83-8ADC-611D761F31E8}"
EndProject
Global
	GlobalSection(SolutionConfigurationPlatforms) = preSolution
		Debug|Any CPU = Debug|Any CPU
		Release|Any CPU = Release|Any CPU
	EndGlobalSection
	GlobalSection(ProjectConfigurationPlatforms) = postSolution
		{7B72642F-0F60-4057-9DBA-4E6514F1401A}.Debug|Any CPU.ActiveCfg = Debug|Any CPU
		{7B72642F-0F60-4057-9DBA-4E6514F1401A}.Debug|Any CPU.Build.0 = Debug|Any CPU
		{7B72642F-0F60-4057-9DBA-4E6514F1401A}.Release|Any CPU.ActiveCfg = Release|Any CPU
		{7B72642F-0F60-4057-9DBA-4E6514F1401A}.Release|Any CPU.Build.0 = Release|Any CPU
		{E5CED360-8F85-41AE-86C7-D79331AB8380}.Debug|Any CPU.ActiveCfg = Debug|Any CPU
		{E5CED360-8F85-41AE-86C7-D79331AB8380}.Debug|Any CPU.Build.0 = Debug|Any CPU
		{E5CED360-8F85-41AE-86C7-D79331AB8380}.Release|Any CPU.ActiveCfg = Release|Any CPU
		{E5CED360-8F85-41AE-86C7-D79331AB8380}.Release|Any CPU.Build.0 = Release|Any CPU
		{2AB55D47-DFA2-4947-95BB-715C11DCA210}.Debug|Any CPU.ActiveCfg = Debug|Any CPU
		{2AB55D47-DFA2-4947-95BB-715C11DCA210}.Debug|Any CPU.Build.0 = Debug|Any CPU
		{2AB55D47-DFA2-4947-95BB-715C11DCA210}.Release|Any CPU.ActiveCfg = Release|Any CPU
		{2AB55D47-DFA2-4947-95BB-715C11DCA210}.Release|Any CPU.Build.0 = Release|Any CPU
		{64406E8C-CB96-4BA2-8FD2-EBEE92614D6C}.Debug|Any CPU.ActiveCfg = Debug|Any CPU
		{64406E8C-CB96-4BA2-8FD2-EBEE92614D6C}.Debug|Any CPU.Build.0 = Debug|Any CPU
		{64406E8C-CB96-4BA2-8FD2-EBEE92614D6C}.Release|Any CPU.ActiveCfg = Release|Any CPU
		{64406E8C-CB96-4BA2-8FD2-EBEE92614D6C}.Release|Any CPU.Build.0 = Release|Any CPU
		{01BD9894-3DFE-40A3-B9E9-2D15A5BB361A}.Debug|Any CPU.ActiveCfg = Debug|Any CPU
		{01BD9894-3DFE-40A3-B9E9-2D15A5BB361A}.Debug|Any CPU.Build.0 = Debug|Any CPU
		{01BD9894-3DFE-40A3-B9E9-2D15A5BB361A}.Release|Any CPU.ActiveCfg = Release|Any CPU
		{01BD9894-3DFE-40A3-B9E9-2D15A5BB361A}.Release|Any CPU.Build.0 = Release|Any CPU
	EndGlobalSection
	GlobalSection(SolutionProperties) = preSolution
		HideSolutionNode = FALSE
	EndGlobalSection
	GlobalSection(NestedProjects) = preSolution
		{76CBD263-E145-4DCA-BB66-7964E8305C6A} = {BA3081B4-FC5A-44F3-951C-2C5F2C3C9F0D}
		{E549BECB-2ADE-4D1B-A6DA-D9EE0CF0DF74} = {BA3081B4-FC5A-44F3-951C-2C5F2C3C9F0D}
		{6361DA19-4F2F-4122-B974-D1B1A14D5FC4} = {E549BECB-2ADE-4D1B-A6DA-D9EE0CF0DF74}
		{7B72642F-0F60-4057-9DBA-4E6514F1401A} = {6361DA19-4F2F-4122-B974-D1B1A14D5FC4}
		{5A9BA857-A048-4D42-8703-C07FD6402DA8} = {BA3081B4-FC5A-44F3-951C-2C5F2C3C9F0D}
		{8F00FDF6-D9BA-4757-A2B4-EC2BB5FE5C33} = {5A9BA857-A048-4D42-8703-C07FD6402DA8}
		{E5CED360-8F85-41AE-86C7-D79331AB8380} = {8F00FDF6-D9BA-4757-A2B4-EC2BB5FE5C33}
		{6C1F57E4-9E27-41CD-8867-19DDC42CB829} = {BA3081B4-FC5A-44F3-951C-2C5F2C3C9F0D}
		{F3FDCCE8-4FFA-4E4E-9E6E-80B4EBB329A3} = {6C1F57E4-9E27-41CD-8867-19DDC42CB829}
		{2AB55D47-DFA2-4947-95BB-715C11DCA210} = {F3FDCCE8-4FFA-4E4E-9E6E-80B4EBB329A3}
		{7ED84F17-FE6A-4A5C-8744-06872D9463FE} = {BA3081B4-FC5A-44F3-951C-2C5F2C3C9F0D}
		{272B3C9B-58E7-484A-B609-A2DBB6B7D0B2} = {7ED84F17-FE6A-4A5C-8744-06872D9463FE}
		{CC90AFB1-8D9A-4764-BC02-6FF6C42C5292} = {272B3C9B-58E7-484A-B609-A2DBB6B7D0B2}
		{64406E8C-CB96-4BA2-8FD2-EBEE92614D6C} = {CC90AFB1-8D9A-4764-BC02-6FF6C42C5292}
		{D9FEFC49-BA70-493F-A286-1A23F07FFA21} = {7ED84F17-FE6A-4A5C-8744-06872D9463FE}
		{CB548E36-1560-41CD-A5C0-8A6B8E0FC77C} = {D9FEFC49-BA70-493F-A286-1A23F07FFA21}
		{01BD9894-3DFE-40A3-B9E9-2D15A5BB361A} = {CB548E36-1560-41CD-A5C0-8A6B8E0FC77C}
		{64BC9763-0367-4B83-8ADC-611D761F31E8} = {BA3081B4-FC5A-44F3-951C-2C5F2C3C9F0D}
	EndGlobalSection
	GlobalSection(ExtensibilityGlobals) = postSolution
		SolutionGuid = {5CB62BCB-12AC-4CF1-82A0-7E8BF0FCB897}
	EndGlobalSection
EndGlobal
